// !$*UTF8*$!
{
	archiveVersion = 1;
	classes = {
	};
	objectVersion = 46;
	objects = {

/* Begin PBXBuildFile section */
		E91896ED21424C97009D21EA /* 8-StringToInteger.m in Sources */ = {isa = PBXBuildFile; fileRef = E91896EC21424C97009D21EA /* 8-StringToInteger.m */; };
		E91896EF214252C0009D21EA /* stringToIntegerTest.m in Sources */ = {isa = PBXBuildFile; fileRef = E91896EE214252C0009D21EA /* stringToIntegerTest.m */; };
		E91896F021425470009D21EA /* 8-StringToInteger.m in Sources */ = {isa = PBXBuildFile; fileRef = E91896EC21424C97009D21EA /* 8-StringToInteger.m */; };
		E91C59BD20F190DA00BC74A0 /* longestPalindromicSubstringTest.m in Sources */ = {isa = PBXBuildFile; fileRef = E91C59BC20F190DA00BC74A0 /* longestPalindromicSubstringTest.m */; };
		E91C59BE20F1982B00BC74A0 /* 5-LongestPalindromicSubstring.m in Sources */ = {isa = PBXBuildFile; fileRef = E9A4DC8020F09E1C00C62B81 /* 5-LongestPalindromicSubstring.m */; };
		E91CDB7620E363B6003DB474 /* 4-MedianOfTwoSortedArrays.m in Sources */ = {isa = PBXBuildFile; fileRef = E91CDB7520E363B6003DB474 /* 4-MedianOfTwoSortedArrays.m */; };
		E91E9A192144FDD100756048 /* 7-ReverseInteger.m in Sources */ = {isa = PBXBuildFile; fileRef = E97EAFA620CC965E00505F11 /* 7-ReverseInteger.m */; };
		E91E9A1B2144FF6C00756048 /* palindromeNumberTest.m in Sources */ = {isa = PBXBuildFile; fileRef = E91E9A1A2144FF6C00756048 /* palindromeNumberTest.m */; };
		E933ACA9215E106F00D23146 /* validParenthesesTest.m in Sources */ = {isa = PBXBuildFile; fileRef = E933ACA8215E106F00D23146 /* validParenthesesTest.m */; };
		E933ACAA215E109200D23146 /* 20-ValidParentheses.m in Sources */ = {isa = PBXBuildFile; fileRef = E9350EBF215CB8B0001456A3 /* 20-ValidParentheses.m */; };
		E9350EC0215CB8B0001456A3 /* 20-ValidParentheses.m in Sources */ = {isa = PBXBuildFile; fileRef = E9350EBF215CB8B0001456A3 /* 20-ValidParentheses.m */; };
		E935E0ED214504130090EECE /* 15-ThreeSum.m in Sources */ = {isa = PBXBuildFile; fileRef = E97EAFAA20CC965E00505F11 /* 15-ThreeSum.m */; };
		E935E0EF214505110090EECE /* threeSumTest.m in Sources */ = {isa = PBXBuildFile; fileRef = E935E0EE214505110090EECE /* threeSumTest.m */; };
		E93C7DD4215377E900A39502 /* threeSumClosestTest.m in Sources */ = {isa = PBXBuildFile; fileRef = E93C7DD3215377E900A39502 /* threeSumClosestTest.m */; };
		E93C7DD62153797800A39502 /* 16-ThreeSumClosest.m in Sources */ = {isa = PBXBuildFile; fileRef = E995F7C021520E5E004B2309 /* 16-ThreeSumClosest.m */; };
		E93CFCF4213B7B65000EA5BE /* 6-ZigzagConversion.m in Sources */ = {isa = PBXBuildFile; fileRef = E93CFCF3213B7B65000EA5BE /* 6-ZigzagConversion.m */; };
		E962E4CC214B93B2009A03A9 /* medianOfTwoSortedArrayTest.m in Sources */ = {isa = PBXBuildFile; fileRef = E962E4CB214B93B2009A03A9 /* medianOfTwoSortedArrayTest.m */; };
		E962E4CE214B958D009A03A9 /* 12-IntegerToRoman.m in Sources */ = {isa = PBXBuildFile; fileRef = E962E4CD214B958D009A03A9 /* 12-IntegerToRoman.m */; };
		E962E4D0214BA0A1009A03A9 /* integerToRomanTest.m in Sources */ = {isa = PBXBuildFile; fileRef = E962E4CF214BA0A1009A03A9 /* integerToRomanTest.m */; };
		E962E4D1214BA14B009A03A9 /* 12-IntegerToRoman.m in Sources */ = {isa = PBXBuildFile; fileRef = E962E4CD214B958D009A03A9 /* 12-IntegerToRoman.m */; };
		E962E4D4214BA5CE009A03A9 /* 13-RomanToInteger.m in Sources */ = {isa = PBXBuildFile; fileRef = E962E4D3214BA5CE009A03A9 /* 13-RomanToInteger.m */; };
		E962E4D6214BAB50009A03A9 /* romanToInteger.m in Sources */ = {isa = PBXBuildFile; fileRef = E962E4D5214BAB50009A03A9 /* romanToInteger.m */; };
		E962E4D7214BACA1009A03A9 /* 13-RomanToInteger.m in Sources */ = {isa = PBXBuildFile; fileRef = E962E4D3214BA5CE009A03A9 /* 13-RomanToInteger.m */; };
		E963CE442144B6A1003D3F92 /* reverseIntegerTest.m in Sources */ = {isa = PBXBuildFile; fileRef = E963CE432144B6A1003D3F92 /* reverseIntegerTest.m */; };
		E9687F7B20E60854006422CF /* findMedianSortedArraysTest.m in Sources */ = {isa = PBXBuildFile; fileRef = E9687F7A20E60854006422CF /* findMedianSortedArraysTest.m */; };
		E9687F7C20E610BA006422CF /* 4-MedianOfTwoSortedArrays.m in Sources */ = {isa = PBXBuildFile; fileRef = E91CDB7520E363B6003DB474 /* 4-MedianOfTwoSortedArrays.m */; };
		E96FDB7220CCB7C300121361 /* twoSumTest.m in Sources */ = {isa = PBXBuildFile; fileRef = E96FDB7120CCB7C300121361 /* twoSumTest.m */; };
		E9770938215A061900753038 /* 18-FourSum.m in Sources */ = {isa = PBXBuildFile; fileRef = E9770937215A061900753038 /* 18-FourSum.m */; };
		E977093A215A088B00753038 /* fourSumTest.m in Sources */ = {isa = PBXBuildFile; fileRef = E9770939215A088B00753038 /* fourSumTest.m */; };
		E977093B215A094E00753038 /* 19-RemoveNthNodeFromEndofList.m in Sources */ = {isa = PBXBuildFile; fileRef = E97EAFAC20CC965E00505F11 /* 19-RemoveNthNodeFromEndofList.m */; };
		E977093C215A0BA300753038 /* 18-FourSum.m in Sources */ = {isa = PBXBuildFile; fileRef = E9770937215A061900753038 /* 18-FourSum.m */; };
		E9770941215A14E100753038 /* removeNthNodeFromEndofListTest.m in Sources */ = {isa = PBXBuildFile; fileRef = E9770940215A14E100753038 /* removeNthNodeFromEndofListTest.m */; };
		E97886A820DF033700579C3A /* addTwoNumbersTest.m in Sources */ = {isa = PBXBuildFile; fileRef = E97886A720DF033700579C3A /* addTwoNumbersTest.m */; };
		E97886A920DF0B7C00579C3A /* 2-AddTwoNumbers.m in Sources */ = {isa = PBXBuildFile; fileRef = E97EAFA220CC965E00505F11 /* 2-AddTwoNumbers.m */; };
		E97886AA20DF0BAD00579C3A /* ListNode.m in Sources */ = {isa = PBXBuildFile; fileRef = E97EAFCA20CC965E00505F11 /* ListNode.m */; };
		E97886AD20DF29C000579C3A /* 21-MergeTwoSortedLists.m in Sources */ = {isa = PBXBuildFile; fileRef = E97EAFAE20CC965E00505F11 /* 21-MergeTwoSortedLists.m */; };
		E97886AF20DF8BAB00579C3A /* mergeTwoSortedListTest.m in Sources */ = {isa = PBXBuildFile; fileRef = E97886AE20DF8BAB00579C3A /* mergeTwoSortedListTest.m */; };
		E97EAFCD20CC965E00505F11 /* 1-TwoSum.m in Sources */ = {isa = PBXBuildFile; fileRef = E97EAFA020CC965E00505F11 /* 1-TwoSum.m */; };
		E97EAFCE20CC965E00505F11 /* 2-AddTwoNumbers.m in Sources */ = {isa = PBXBuildFile; fileRef = E97EAFA220CC965E00505F11 /* 2-AddTwoNumbers.m */; };
		E97EAFCF20CC965E00505F11 /* 3-LongestSubstringWithoutRepeatingCharacters.m in Sources */ = {isa = PBXBuildFile; fileRef = E97EAFA420CC965E00505F11 /* 3-LongestSubstringWithoutRepeatingCharacters.m */; };
		E97EAFD020CC965E00505F11 /* 7-ReverseInteger.m in Sources */ = {isa = PBXBuildFile; fileRef = E97EAFA620CC965E00505F11 /* 7-ReverseInteger.m */; };
		E97EAFD120CC965E00505F11 /* 11-ContainerWithMostWater.m in Sources */ = {isa = PBXBuildFile; fileRef = E97EAFA820CC965E00505F11 /* 11-ContainerWithMostWater.m */; };
		E97EAFD220CC965E00505F11 /* 15-ThreeSum.m in Sources */ = {isa = PBXBuildFile; fileRef = E97EAFAA20CC965E00505F11 /* 15-ThreeSum.m */; };
		E97EAFD320CC965E00505F11 /* 19-RemoveNthNodeFromEndofList.m in Sources */ = {isa = PBXBuildFile; fileRef = E97EAFAC20CC965E00505F11 /* 19-RemoveNthNodeFromEndofList.m */; };
		E97EAFD420CC965E00505F11 /* 21-MergeTwoSortedLists.m in Sources */ = {isa = PBXBuildFile; fileRef = E97EAFAE20CC965E00505F11 /* 21-MergeTwoSortedLists.m */; };
		E97EAFD520CC965E00505F11 /* 24-SwapNodesinPairs.m in Sources */ = {isa = PBXBuildFile; fileRef = E97EAFB020CC965E00505F11 /* 24-SwapNodesinPairs.m */; };
		E97EAFD620CC965E00505F11 /* 92-ReverseLinkedListII.m in Sources */ = {isa = PBXBuildFile; fileRef = E97EAFB220CC965E00505F11 /* 92-ReverseLinkedListII.m */; };
		E97EAFD720CC965E00505F11 /* 94-BinaryTreeInorderTraversal-2.m in Sources */ = {isa = PBXBuildFile; fileRef = E97EAFB420CC965E00505F11 /* 94-BinaryTreeInorderTraversal-2.m */; };
		E97EAFD820CC965E00505F11 /* 94-BinaryTreeInorderTraversal.m in Sources */ = {isa = PBXBuildFile; fileRef = E97EAFB620CC965E00505F11 /* 94-BinaryTreeInorderTraversal.m */; };
		E97EAFD920CC965E00505F11 /* 95-UniqueBinarySearchTreesII.m in Sources */ = {isa = PBXBuildFile; fileRef = E97EAFB820CC965E00505F11 /* 95-UniqueBinarySearchTreesII.m */; };
		E97EAFDA20CC965E00505F11 /* 98-ValidateBinarySearchTree.m in Sources */ = {isa = PBXBuildFile; fileRef = E97EAFBA20CC965E00505F11 /* 98-ValidateBinarySearchTree.m */; };
		E97EAFDB20CC965E00505F11 /* 100-SameTree.m in Sources */ = {isa = PBXBuildFile; fileRef = E97EAFBB20CC965E00505F11 /* 100-SameTree.m */; };
		E97EAFDC20CC965E00505F11 /* 101-SymmetricTree.m in Sources */ = {isa = PBXBuildFile; fileRef = E97EAFBE20CC965E00505F11 /* 101-SymmetricTree.m */; };
		E97EAFDD20CC965E00505F11 /* 102-BinaryTreeLevelOrderTraversal.m in Sources */ = {isa = PBXBuildFile; fileRef = E97EAFC020CC965E00505F11 /* 102-BinaryTreeLevelOrderTraversal.m */; };
		E97EAFDE20CC965E00505F11 /* 206-ReverseLinkedList.m in Sources */ = {isa = PBXBuildFile; fileRef = E97EAFC220CC965E00505F11 /* 206-ReverseLinkedList.m */; };
		E97EAFDF20CC965E00505F11 /* 226-InvertBinaryTree.m in Sources */ = {isa = PBXBuildFile; fileRef = E97EAFC420CC965E00505F11 /* 226-InvertBinaryTree.m */; };
		E97EAFE020CC965E00505F11 /* 237-DeleteNodeInALinkedList.m in Sources */ = {isa = PBXBuildFile; fileRef = E97EAFC620CC965E00505F11 /* 237-DeleteNodeInALinkedList.m */; };
		E97EAFE120CC965E00505F11 /* 404-SumofLeftLeaves.m in Sources */ = {isa = PBXBuildFile; fileRef = E97EAFC820CC965E00505F11 /* 404-SumofLeftLeaves.m */; };
		E97EAFE220CC965E00505F11 /* ListNode.m in Sources */ = {isa = PBXBuildFile; fileRef = E97EAFCA20CC965E00505F11 /* ListNode.m */; };
		E97EAFE320CC965E00505F11 /* TreeNode.m in Sources */ = {isa = PBXBuildFile; fileRef = E97EAFCC20CC965E00505F11 /* TreeNode.m */; };
		E97EAFEF20CC9EF400505F11 /* XCTest.framework in Frameworks */ = {isa = PBXBuildFile; fileRef = E97EAFEE20CC9EF400505F11 /* XCTest.framework */; settings = {ATTRIBUTES = (Weak, ); }; };
		E97F9DE02154D991000C6C82 /* 17-LetterCombinationOfAPhoneNumber.m in Sources */ = {isa = PBXBuildFile; fileRef = E97F9DDF2154D991000C6C82 /* 17-LetterCombinationOfAPhoneNumber.m */; };
		E97F9DE22154E8BF000C6C82 /* letterCombinationOfAPhoneNumberTest.m in Sources */ = {isa = PBXBuildFile; fileRef = E97F9DE12154E8BF000C6C82 /* letterCombinationOfAPhoneNumberTest.m */; };
		E97F9DE32154E8D4000C6C82 /* 17-LetterCombinationOfAPhoneNumber.m in Sources */ = {isa = PBXBuildFile; fileRef = E97F9DDF2154D991000C6C82 /* 17-LetterCombinationOfAPhoneNumber.m */; };
		E980297D2141070B00456DD7 /* zigzagConversionTest.m in Sources */ = {isa = PBXBuildFile; fileRef = E980297C2141070B00456DD7 /* zigzagConversionTest.m */; };
		E980297E21410AA800456DD7 /* 6-ZigzagConversion.m in Sources */ = {isa = PBXBuildFile; fileRef = E93CFCF3213B7B65000EA5BE /* 6-ZigzagConversion.m */; };
		E98EE2A0214328C4003A0633 /* 9-PalindromeNumber.m in Sources */ = {isa = PBXBuildFile; fileRef = E9EB7FF121425A7A003AEC20 /* 9-PalindromeNumber.m */; };
		E98EE2A32143307A003A0633 /* 10-RegularExpressionMatching.m in Sources */ = {isa = PBXBuildFile; fileRef = E98EE2A22143307A003A0633 /* 10-RegularExpressionMatching.m */; };
		E98EE2A521433377003A0633 /* regularExpressionMatchingTest.m in Sources */ = {isa = PBXBuildFile; fileRef = E98EE2A421433377003A0633 /* regularExpressionMatchingTest.m */; };
		E98EE2A621433437003A0633 /* 10-RegularExpressionMatching.m in Sources */ = {isa = PBXBuildFile; fileRef = E98EE2A22143307A003A0633 /* 10-RegularExpressionMatching.m */; };
		E995F7BD21520777004B2309 /* longestCommonPrefixTest.m in Sources */ = {isa = PBXBuildFile; fileRef = E995F7BC21520777004B2309 /* longestCommonPrefixTest.m */; };
		E995F7BE21520796004B2309 /* 14-LongestCommonPrefix.m in Sources */ = {isa = PBXBuildFile; fileRef = E9BE38CC2150F1E400F09C09 /* 14-LongestCommonPrefix.m */; };
		E995F7C121520E5E004B2309 /* 16-ThreeSumClosest.m in Sources */ = {isa = PBXBuildFile; fileRef = E995F7C021520E5E004B2309 /* 16-ThreeSumClosest.m */; };
		E9A4DC8120F09E1C00C62B81 /* 5-LongestPalindromicSubstring.m in Sources */ = {isa = PBXBuildFile; fileRef = E9A4DC8020F09E1C00C62B81 /* 5-LongestPalindromicSubstring.m */; };
		E9A802A721490BD00011259B /* 1-TwoSum.m in Sources */ = {isa = PBXBuildFile; fileRef = E97EAFA020CC965E00505F11 /* 1-TwoSum.m */; };
		E9BD25E020CDE7C6001778D6 /* main.m in Sources */ = {isa = PBXBuildFile; fileRef = E9BD25DF20CDE7C6001778D6 /* main.m */; };
		E9BD25EB20CDFE50001778D6 /* longestSubstringWithoutRepeatingCharactersTest.m in Sources */ = {isa = PBXBuildFile; fileRef = E9BD25EA20CDFE50001778D6 /* longestSubstringWithoutRepeatingCharactersTest.m */; };
		E9BE38CD2150F1E400F09C09 /* 14-LongestCommonPrefix.m in Sources */ = {isa = PBXBuildFile; fileRef = E9BE38CC2150F1E400F09C09 /* 14-LongestCommonPrefix.m */; };
		E9CFB9CE2164911300188B82 /* 22-GenerateParentheses.m in Sources */ = {isa = PBXBuildFile; fileRef = E9CFB9CD2164911300188B82 /* 22-GenerateParentheses.m */; };
		E9CFB9D121649BD900188B82 /* 22-GenerateParentheses.m in Sources */ = {isa = PBXBuildFile; fileRef = E9CFB9CD2164911300188B82 /* 22-GenerateParentheses.m */; };
		E9CFB9D321649CAF00188B82 /* generateParentheses.m in Sources */ = {isa = PBXBuildFile; fileRef = E9CFB9D221649CAF00188B82 /* generateParentheses.m */; };
		E9E555ED20D246E8000F33AD /* containerWithMostWaterTest.m in Sources */ = {isa = PBXBuildFile; fileRef = E9E555EC20D246E8000F33AD /* containerWithMostWaterTest.m */; };
		E9E555FE20D248D3000F33AD /* 3-LongestSubstringWithoutRepeatingCharacters.m in Sources */ = {isa = PBXBuildFile; fileRef = E97EAFA420CC965E00505F11 /* 3-LongestSubstringWithoutRepeatingCharacters.m */; };
		E9E555FF20D248D3000F33AD /* 11-ContainerWithMostWater.m in Sources */ = {isa = PBXBuildFile; fileRef = E97EAFA820CC965E00505F11 /* 11-ContainerWithMostWater.m */; };
		E9EB7FF221425A7A003AEC20 /* 9-PalindromeNumber.m in Sources */ = {isa = PBXBuildFile; fileRef = E9EB7FF121425A7A003AEC20 /* 9-PalindromeNumber.m */; };
/* End PBXBuildFile section */

/* Begin PBXCopyFilesBuildPhase section */
		E97EAF9320CC95EA00505F11 /* CopyFiles */ = {
			isa = PBXCopyFilesBuildPhase;
			buildActionMask = 2147483647;
			dstPath = /usr/share/man/man1/;
			dstSubfolderSpec = 0;
			files = (
			);
			runOnlyForDeploymentPostprocessing = 1;
		};
/* End PBXCopyFilesBuildPhase section */

/* Begin PBXFileReference section */
		E91896EB21424B55009D21EA /* 8-StringToInteger.h */ = {isa = PBXFileReference; lastKnownFileType = sourcecode.c.h; path = "8-StringToInteger.h"; sourceTree = "<group>"; };
		E91896EC21424C97009D21EA /* 8-StringToInteger.m */ = {isa = PBXFileReference; fileEncoding = 4; lastKnownFileType = sourcecode.c.objc; path = "8-StringToInteger.m"; sourceTree = "<group>"; };
		E91896EE214252C0009D21EA /* stringToIntegerTest.m */ = {isa = PBXFileReference; fileEncoding = 4; lastKnownFileType = sourcecode.c.objc; path = stringToIntegerTest.m; sourceTree = "<group>"; };
		E91C59BC20F190DA00BC74A0 /* longestPalindromicSubstringTest.m */ = {isa = PBXFileReference; fileEncoding = 4; lastKnownFileType = sourcecode.c.objc; path = longestPalindromicSubstringTest.m; sourceTree = "<group>"; };
		E91CDB7420E3627A003DB474 /* 4-MedianOfTwoSortedArrays.h */ = {isa = PBXFileReference; fileEncoding = 4; lastKnownFileType = sourcecode.c.h; path = "4-MedianOfTwoSortedArrays.h"; sourceTree = "<group>"; };
		E91CDB7520E363B6003DB474 /* 4-MedianOfTwoSortedArrays.m */ = {isa = PBXFileReference; fileEncoding = 4; lastKnownFileType = sourcecode.c.objc; path = "4-MedianOfTwoSortedArrays.m"; sourceTree = "<group>"; };
		E91E9A1A2144FF6C00756048 /* palindromeNumberTest.m */ = {isa = PBXFileReference; fileEncoding = 4; lastKnownFileType = sourcecode.c.objc; path = palindromeNumberTest.m; sourceTree = "<group>"; };
		E933ACA8215E106F00D23146 /* validParenthesesTest.m */ = {isa = PBXFileReference; fileEncoding = 4; lastKnownFileType = sourcecode.c.objc; path = validParenthesesTest.m; sourceTree = "<group>"; };
		E9350EBF215CB8B0001456A3 /* 20-ValidParentheses.m */ = {isa = PBXFileReference; fileEncoding = 4; lastKnownFileType = sourcecode.c.objc; path = "20-ValidParentheses.m"; sourceTree = "<group>"; };
		E9350EC3215CC70B001456A3 /* 20-ValidParentheses.h */ = {isa = PBXFileReference; lastKnownFileType = sourcecode.c.h; path = "20-ValidParentheses.h"; sourceTree = "<group>"; };
		E935E0EE214505110090EECE /* threeSumTest.m */ = {isa = PBXFileReference; fileEncoding = 4; lastKnownFileType = sourcecode.c.objc; path = threeSumTest.m; sourceTree = "<group>"; };
		E93C7DD3215377E900A39502 /* threeSumClosestTest.m */ = {isa = PBXFileReference; fileEncoding = 4; lastKnownFileType = sourcecode.c.objc; path = threeSumClosestTest.m; sourceTree = "<group>"; };
		E93CFCF2213B7AC6000EA5BE /* 6-ZigzagConversion.h */ = {isa = PBXFileReference; fileEncoding = 4; lastKnownFileType = sourcecode.c.h; path = "6-ZigzagConversion.h"; sourceTree = "<group>"; };
		E93CFCF3213B7B65000EA5BE /* 6-ZigzagConversion.m */ = {isa = PBXFileReference; fileEncoding = 4; lastKnownFileType = sourcecode.c.objc; path = "6-ZigzagConversion.m"; sourceTree = "<group>"; };
		E962E4CA214B920F009A03A9 /* 12-IntegerToRoman.h */ = {isa = PBXFileReference; lastKnownFileType = sourcecode.c.h; path = "12-IntegerToRoman.h"; sourceTree = "<group>"; };
		E962E4CB214B93B2009A03A9 /* medianOfTwoSortedArrayTest.m */ = {isa = PBXFileReference; fileEncoding = 4; lastKnownFileType = sourcecode.c.objc; path = medianOfTwoSortedArrayTest.m; sourceTree = "<group>"; };
		E962E4CD214B958D009A03A9 /* 12-IntegerToRoman.m */ = {isa = PBXFileReference; fileEncoding = 4; lastKnownFileType = sourcecode.c.objc; path = "12-IntegerToRoman.m"; sourceTree = "<group>"; };
		E962E4CF214BA0A1009A03A9 /* integerToRomanTest.m */ = {isa = PBXFileReference; fileEncoding = 4; lastKnownFileType = sourcecode.c.objc; path = integerToRomanTest.m; sourceTree = "<group>"; };
		E962E4D2214BA5B1009A03A9 /* 13-RomanToInteger.h */ = {isa = PBXFileReference; lastKnownFileType = sourcecode.c.h; path = "13-RomanToInteger.h"; sourceTree = "<group>"; };
		E962E4D3214BA5CE009A03A9 /* 13-RomanToInteger.m */ = {isa = PBXFileReference; fileEncoding = 4; lastKnownFileType = sourcecode.c.objc; path = "13-RomanToInteger.m"; sourceTree = "<group>"; };
		E962E4D5214BAB50009A03A9 /* romanToInteger.m */ = {isa = PBXFileReference; fileEncoding = 4; lastKnownFileType = sourcecode.c.objc; path = romanToInteger.m; sourceTree = "<group>"; };
		E963CE432144B6A1003D3F92 /* reverseIntegerTest.m */ = {isa = PBXFileReference; fileEncoding = 4; lastKnownFileType = sourcecode.c.objc; path = reverseIntegerTest.m; sourceTree = "<group>"; };
		E9687F7A20E60854006422CF /* findMedianSortedArraysTest.m */ = {isa = PBXFileReference; fileEncoding = 4; lastKnownFileType = sourcecode.c.objc; path = findMedianSortedArraysTest.m; sourceTree = "<group>"; };
		E96FDB7120CCB7C300121361 /* twoSumTest.m */ = {isa = PBXFileReference; fileEncoding = 4; lastKnownFileType = sourcecode.c.objc; path = twoSumTest.m; sourceTree = "<group>"; };
		E9770936215A05C300753038 /* 18-FourSum.h */ = {isa = PBXFileReference; lastKnownFileType = sourcecode.c.h; path = "18-FourSum.h"; sourceTree = "<group>"; };
		E9770937215A061900753038 /* 18-FourSum.m */ = {isa = PBXFileReference; fileEncoding = 4; lastKnownFileType = sourcecode.c.objc; path = "18-FourSum.m"; sourceTree = "<group>"; };
		E9770939215A088B00753038 /* fourSumTest.m */ = {isa = PBXFileReference; fileEncoding = 4; lastKnownFileType = sourcecode.c.objc; path = fourSumTest.m; sourceTree = "<group>"; };
		E9770940215A14E100753038 /* removeNthNodeFromEndofListTest.m */ = {isa = PBXFileReference; fileEncoding = 4; lastKnownFileType = sourcecode.c.objc; path = removeNthNodeFromEndofListTest.m; sourceTree = "<group>"; };
		E97886A720DF033700579C3A /* addTwoNumbersTest.m */ = {isa = PBXFileReference; fileEncoding = 4; lastKnownFileType = sourcecode.c.objc; path = addTwoNumbersTest.m; sourceTree = "<group>"; };
		E97886AE20DF8BAB00579C3A /* mergeTwoSortedListTest.m */ = {isa = PBXFileReference; fileEncoding = 4; lastKnownFileType = sourcecode.c.objc; path = mergeTwoSortedListTest.m; sourceTree = "<group>"; };
		E97EAF9520CC95EA00505F11 /* leetcodeObjC */ = {isa = PBXFileReference; explicitFileType = "compiled.mach-o.executable"; includeInIndex = 0; path = leetcodeObjC; sourceTree = BUILT_PRODUCTS_DIR; };
		E97EAFA020CC965E00505F11 /* 1-TwoSum.m */ = {isa = PBXFileReference; fileEncoding = 4; lastKnownFileType = sourcecode.c.objc; path = "1-TwoSum.m"; sourceTree = "<group>"; };
		E97EAFA120CC965E00505F11 /* 2-AddTwoNumbers.h */ = {isa = PBXFileReference; fileEncoding = 4; lastKnownFileType = sourcecode.c.h; path = "2-AddTwoNumbers.h"; sourceTree = "<group>"; };
		E97EAFA220CC965E00505F11 /* 2-AddTwoNumbers.m */ = {isa = PBXFileReference; fileEncoding = 4; lastKnownFileType = sourcecode.c.objc; path = "2-AddTwoNumbers.m"; sourceTree = "<group>"; };
		E97EAFA320CC965E00505F11 /* 3-LongestSubstringWithoutRepeatingCharacters.h */ = {isa = PBXFileReference; fileEncoding = 4; lastKnownFileType = sourcecode.c.h; path = "3-LongestSubstringWithoutRepeatingCharacters.h"; sourceTree = "<group>"; };
		E97EAFA420CC965E00505F11 /* 3-LongestSubstringWithoutRepeatingCharacters.m */ = {isa = PBXFileReference; fileEncoding = 4; lastKnownFileType = sourcecode.c.objc; path = "3-LongestSubstringWithoutRepeatingCharacters.m"; sourceTree = "<group>"; };
		E97EAFA520CC965E00505F11 /* 7-ReverseInteger.h */ = {isa = PBXFileReference; fileEncoding = 4; lastKnownFileType = sourcecode.c.h; path = "7-ReverseInteger.h"; sourceTree = "<group>"; };
		E97EAFA620CC965E00505F11 /* 7-ReverseInteger.m */ = {isa = PBXFileReference; fileEncoding = 4; lastKnownFileType = sourcecode.c.objc; path = "7-ReverseInteger.m"; sourceTree = "<group>"; };
		E97EAFA720CC965E00505F11 /* 11-ContainerWithMostWater.h */ = {isa = PBXFileReference; fileEncoding = 4; lastKnownFileType = sourcecode.c.h; path = "11-ContainerWithMostWater.h"; sourceTree = "<group>"; };
		E97EAFA820CC965E00505F11 /* 11-ContainerWithMostWater.m */ = {isa = PBXFileReference; fileEncoding = 4; lastKnownFileType = sourcecode.c.objc; path = "11-ContainerWithMostWater.m"; sourceTree = "<group>"; };
		E97EAFA920CC965E00505F11 /* 15-ThreeSum.h */ = {isa = PBXFileReference; fileEncoding = 4; lastKnownFileType = sourcecode.c.h; path = "15-ThreeSum.h"; sourceTree = "<group>"; };
		E97EAFAA20CC965E00505F11 /* 15-ThreeSum.m */ = {isa = PBXFileReference; fileEncoding = 4; lastKnownFileType = sourcecode.c.objc; path = "15-ThreeSum.m"; sourceTree = "<group>"; };
		E97EAFAB20CC965E00505F11 /* 19-RemoveNthNodeFromEndofList.h */ = {isa = PBXFileReference; fileEncoding = 4; lastKnownFileType = sourcecode.c.h; path = "19-RemoveNthNodeFromEndofList.h"; sourceTree = "<group>"; };
		E97EAFAC20CC965E00505F11 /* 19-RemoveNthNodeFromEndofList.m */ = {isa = PBXFileReference; fileEncoding = 4; lastKnownFileType = sourcecode.c.objc; path = "19-RemoveNthNodeFromEndofList.m"; sourceTree = "<group>"; };
		E97EAFAD20CC965E00505F11 /* 21-MergeTwoSortedLists.h */ = {isa = PBXFileReference; fileEncoding = 4; lastKnownFileType = sourcecode.c.h; path = "21-MergeTwoSortedLists.h"; sourceTree = "<group>"; };
		E97EAFAE20CC965E00505F11 /* 21-MergeTwoSortedLists.m */ = {isa = PBXFileReference; fileEncoding = 4; lastKnownFileType = sourcecode.c.objc; path = "21-MergeTwoSortedLists.m"; sourceTree = "<group>"; };
		E97EAFAF20CC965E00505F11 /* 24-SwapNodesinPairs.h */ = {isa = PBXFileReference; fileEncoding = 4; lastKnownFileType = sourcecode.c.h; path = "24-SwapNodesinPairs.h"; sourceTree = "<group>"; };
		E97EAFB020CC965E00505F11 /* 24-SwapNodesinPairs.m */ = {isa = PBXFileReference; fileEncoding = 4; lastKnownFileType = sourcecode.c.objc; path = "24-SwapNodesinPairs.m"; sourceTree = "<group>"; };
		E97EAFB120CC965E00505F11 /* 92-ReverseLinkedListII.h */ = {isa = PBXFileReference; fileEncoding = 4; lastKnownFileType = sourcecode.c.h; path = "92-ReverseLinkedListII.h"; sourceTree = "<group>"; };
		E97EAFB220CC965E00505F11 /* 92-ReverseLinkedListII.m */ = {isa = PBXFileReference; fileEncoding = 4; lastKnownFileType = sourcecode.c.objc; path = "92-ReverseLinkedListII.m"; sourceTree = "<group>"; };
		E97EAFB320CC965E00505F11 /* 94-BinaryTreeInorderTraversal-2.h */ = {isa = PBXFileReference; fileEncoding = 4; lastKnownFileType = sourcecode.c.h; path = "94-BinaryTreeInorderTraversal-2.h"; sourceTree = "<group>"; };
		E97EAFB420CC965E00505F11 /* 94-BinaryTreeInorderTraversal-2.m */ = {isa = PBXFileReference; fileEncoding = 4; lastKnownFileType = sourcecode.c.objc; path = "94-BinaryTreeInorderTraversal-2.m"; sourceTree = "<group>"; };
		E97EAFB520CC965E00505F11 /* 94-BinaryTreeInorderTraversal.h */ = {isa = PBXFileReference; fileEncoding = 4; lastKnownFileType = sourcecode.c.h; path = "94-BinaryTreeInorderTraversal.h"; sourceTree = "<group>"; };
		E97EAFB620CC965E00505F11 /* 94-BinaryTreeInorderTraversal.m */ = {isa = PBXFileReference; fileEncoding = 4; lastKnownFileType = sourcecode.c.objc; path = "94-BinaryTreeInorderTraversal.m"; sourceTree = "<group>"; };
		E97EAFB720CC965E00505F11 /* 95-UniqueBinarySearchTreesII.h */ = {isa = PBXFileReference; fileEncoding = 4; lastKnownFileType = sourcecode.c.h; path = "95-UniqueBinarySearchTreesII.h"; sourceTree = "<group>"; };
		E97EAFB820CC965E00505F11 /* 95-UniqueBinarySearchTreesII.m */ = {isa = PBXFileReference; fileEncoding = 4; lastKnownFileType = sourcecode.c.objc; path = "95-UniqueBinarySearchTreesII.m"; sourceTree = "<group>"; };
		E97EAFB920CC965E00505F11 /* 98-ValidateBinarySearchTree.h */ = {isa = PBXFileReference; fileEncoding = 4; lastKnownFileType = sourcecode.c.h; path = "98-ValidateBinarySearchTree.h"; sourceTree = "<group>"; };
		E97EAFBA20CC965E00505F11 /* 98-ValidateBinarySearchTree.m */ = {isa = PBXFileReference; fileEncoding = 4; lastKnownFileType = sourcecode.c.objc; path = "98-ValidateBinarySearchTree.m"; sourceTree = "<group>"; };
		E97EAFBB20CC965E00505F11 /* 100-SameTree.m */ = {isa = PBXFileReference; fileEncoding = 4; lastKnownFileType = sourcecode.c.objc; path = "100-SameTree.m"; sourceTree = "<group>"; };
		E97EAFBC20CC965E00505F11 /* 100-SameTree.h */ = {isa = PBXFileReference; fileEncoding = 4; lastKnownFileType = sourcecode.c.h; path = "100-SameTree.h"; sourceTree = "<group>"; };
		E97EAFBD20CC965E00505F11 /* 101-SymmetricTree.h */ = {isa = PBXFileReference; fileEncoding = 4; lastKnownFileType = sourcecode.c.h; path = "101-SymmetricTree.h"; sourceTree = "<group>"; };
		E97EAFBE20CC965E00505F11 /* 101-SymmetricTree.m */ = {isa = PBXFileReference; fileEncoding = 4; lastKnownFileType = sourcecode.c.objc; path = "101-SymmetricTree.m"; sourceTree = "<group>"; };
		E97EAFBF20CC965E00505F11 /* 102-BinaryTreeLevelOrderTraversal.h */ = {isa = PBXFileReference; fileEncoding = 4; lastKnownFileType = sourcecode.c.h; path = "102-BinaryTreeLevelOrderTraversal.h"; sourceTree = "<group>"; };
		E97EAFC020CC965E00505F11 /* 102-BinaryTreeLevelOrderTraversal.m */ = {isa = PBXFileReference; fileEncoding = 4; lastKnownFileType = sourcecode.c.objc; path = "102-BinaryTreeLevelOrderTraversal.m"; sourceTree = "<group>"; };
		E97EAFC120CC965E00505F11 /* 206-ReverseLinkedList.h */ = {isa = PBXFileReference; fileEncoding = 4; lastKnownFileType = sourcecode.c.h; path = "206-ReverseLinkedList.h"; sourceTree = "<group>"; };
		E97EAFC220CC965E00505F11 /* 206-ReverseLinkedList.m */ = {isa = PBXFileReference; fileEncoding = 4; lastKnownFileType = sourcecode.c.objc; path = "206-ReverseLinkedList.m"; sourceTree = "<group>"; };
		E97EAFC320CC965E00505F11 /* 226-InvertBinaryTree.h */ = {isa = PBXFileReference; fileEncoding = 4; lastKnownFileType = sourcecode.c.h; path = "226-InvertBinaryTree.h"; sourceTree = "<group>"; };
		E97EAFC420CC965E00505F11 /* 226-InvertBinaryTree.m */ = {isa = PBXFileReference; fileEncoding = 4; lastKnownFileType = sourcecode.c.objc; path = "226-InvertBinaryTree.m"; sourceTree = "<group>"; };
		E97EAFC520CC965E00505F11 /* 237-DeleteNodeInALinkedList.h */ = {isa = PBXFileReference; fileEncoding = 4; lastKnownFileType = sourcecode.c.h; path = "237-DeleteNodeInALinkedList.h"; sourceTree = "<group>"; };
		E97EAFC620CC965E00505F11 /* 237-DeleteNodeInALinkedList.m */ = {isa = PBXFileReference; fileEncoding = 4; lastKnownFileType = sourcecode.c.objc; path = "237-DeleteNodeInALinkedList.m"; sourceTree = "<group>"; };
		E97EAFC720CC965E00505F11 /* 404-SumofLeftLeaves.h */ = {isa = PBXFileReference; fileEncoding = 4; lastKnownFileType = sourcecode.c.h; path = "404-SumofLeftLeaves.h"; sourceTree = "<group>"; };
		E97EAFC820CC965E00505F11 /* 404-SumofLeftLeaves.m */ = {isa = PBXFileReference; fileEncoding = 4; lastKnownFileType = sourcecode.c.objc; path = "404-SumofLeftLeaves.m"; sourceTree = "<group>"; };
		E97EAFC920CC965E00505F11 /* ListNode.h */ = {isa = PBXFileReference; fileEncoding = 4; lastKnownFileType = sourcecode.c.h; path = ListNode.h; sourceTree = "<group>"; };
		E97EAFCA20CC965E00505F11 /* ListNode.m */ = {isa = PBXFileReference; fileEncoding = 4; lastKnownFileType = sourcecode.c.objc; path = ListNode.m; sourceTree = "<group>"; };
		E97EAFCB20CC965E00505F11 /* TreeNode.h */ = {isa = PBXFileReference; fileEncoding = 4; lastKnownFileType = sourcecode.c.h; path = TreeNode.h; sourceTree = "<group>"; };
		E97EAFCC20CC965E00505F11 /* TreeNode.m */ = {isa = PBXFileReference; fileEncoding = 4; lastKnownFileType = sourcecode.c.objc; path = TreeNode.m; sourceTree = "<group>"; };
		E97EAFEE20CC9EF400505F11 /* XCTest.framework */ = {isa = PBXFileReference; lastKnownFileType = wrapper.framework; name = XCTest.framework; path = Platforms/MacOSX.platform/Developer/Library/Frameworks/XCTest.framework; sourceTree = DEVELOPER_DIR; };
		E97EAFF420CCAD9700505F11 /* leetcodeObjCTest.xctest */ = {isa = PBXFileReference; explicitFileType = wrapper.cfbundle; includeInIndex = 0; path = leetcodeObjCTest.xctest; sourceTree = BUILT_PRODUCTS_DIR; };
		E97EAFF820CCAD9700505F11 /* Info.plist */ = {isa = PBXFileReference; lastKnownFileType = text.plist.xml; path = Info.plist; sourceTree = "<group>"; };
		E97F9DDE2154D97F000C6C82 /* 17-LetterCombinationOfAPhoneNumber.h */ = {isa = PBXFileReference; lastKnownFileType = sourcecode.c.h; path = "17-LetterCombinationOfAPhoneNumber.h"; sourceTree = "<group>"; };
		E97F9DDF2154D991000C6C82 /* 17-LetterCombinationOfAPhoneNumber.m */ = {isa = PBXFileReference; fileEncoding = 4; lastKnownFileType = sourcecode.c.objc; path = "17-LetterCombinationOfAPhoneNumber.m"; sourceTree = "<group>"; };
		E97F9DE12154E8BF000C6C82 /* letterCombinationOfAPhoneNumberTest.m */ = {isa = PBXFileReference; fileEncoding = 4; lastKnownFileType = sourcecode.c.objc; path = letterCombinationOfAPhoneNumberTest.m; sourceTree = "<group>"; };
		E980297C2141070B00456DD7 /* zigzagConversionTest.m */ = {isa = PBXFileReference; fileEncoding = 4; lastKnownFileType = sourcecode.c.objc; path = zigzagConversionTest.m; sourceTree = "<group>"; };
		E98EE2A121433043003A0633 /* 10-RegularExpressionMatching.h */ = {isa = PBXFileReference; lastKnownFileType = sourcecode.c.h; path = "10-RegularExpressionMatching.h"; sourceTree = "<group>"; };
		E98EE2A22143307A003A0633 /* 10-RegularExpressionMatching.m */ = {isa = PBXFileReference; fileEncoding = 4; lastKnownFileType = sourcecode.c.objc; path = "10-RegularExpressionMatching.m"; sourceTree = "<group>"; };
		E98EE2A421433377003A0633 /* regularExpressionMatchingTest.m */ = {isa = PBXFileReference; fileEncoding = 4; lastKnownFileType = sourcecode.c.objc; path = regularExpressionMatchingTest.m; sourceTree = "<group>"; };
		E995F7BC21520777004B2309 /* longestCommonPrefixTest.m */ = {isa = PBXFileReference; fileEncoding = 4; lastKnownFileType = sourcecode.c.objc; path = longestCommonPrefixTest.m; sourceTree = "<group>"; };
		E995F7BF21520E39004B2309 /* 16-ThreeSumClosest.h */ = {isa = PBXFileReference; lastKnownFileType = sourcecode.c.h; path = "16-ThreeSumClosest.h"; sourceTree = "<group>"; };
		E995F7C021520E5E004B2309 /* 16-ThreeSumClosest.m */ = {isa = PBXFileReference; fileEncoding = 4; lastKnownFileType = sourcecode.c.objc; path = "16-ThreeSumClosest.m"; sourceTree = "<group>"; };
		E9A4DC7F20F09D7D00C62B81 /* 5-LongestPalindromicSubstring.h */ = {isa = PBXFileReference; fileEncoding = 4; lastKnownFileType = sourcecode.c.h; path = "5-LongestPalindromicSubstring.h"; sourceTree = "<group>"; };
		E9A4DC8020F09E1C00C62B81 /* 5-LongestPalindromicSubstring.m */ = {isa = PBXFileReference; fileEncoding = 4; lastKnownFileType = sourcecode.c.objc; path = "5-LongestPalindromicSubstring.m"; sourceTree = "<group>"; };
		E9A802A821490CCE0011259B /* 1-TwoSum.h */ = {isa = PBXFileReference; fileEncoding = 4; lastKnownFileType = sourcecode.c.h; path = "1-TwoSum.h"; sourceTree = "<group>"; };
		E9BD25DF20CDE7C6001778D6 /* main.m */ = {isa = PBXFileReference; fileEncoding = 4; lastKnownFileType = sourcecode.c.objc; path = main.m; sourceTree = "<group>"; };
		E9BD25EA20CDFE50001778D6 /* longestSubstringWithoutRepeatingCharactersTest.m */ = {isa = PBXFileReference; fileEncoding = 4; lastKnownFileType = sourcecode.c.objc; path = longestSubstringWithoutRepeatingCharactersTest.m; sourceTree = "<group>"; };
		E9BE38CB2150F0E700F09C09 /* 14-LongestCommonPrefix.h */ = {isa = PBXFileReference; lastKnownFileType = sourcecode.c.h; path = "14-LongestCommonPrefix.h"; sourceTree = "<group>"; };
		E9BE38CC2150F1E400F09C09 /* 14-LongestCommonPrefix.m */ = {isa = PBXFileReference; fileEncoding = 4; lastKnownFileType = sourcecode.c.objc; path = "14-LongestCommonPrefix.m"; sourceTree = "<group>"; };
		E9CFB9CC2164907100188B82 /* 22-GenerateParentheses.h */ = {isa = PBXFileReference; lastKnownFileType = sourcecode.c.h; path = "22-GenerateParentheses.h"; sourceTree = "<group>"; };
		E9CFB9CD2164911300188B82 /* 22-GenerateParentheses.m */ = {isa = PBXFileReference; fileEncoding = 4; lastKnownFileType = sourcecode.c.objc; path = "22-GenerateParentheses.m"; sourceTree = "<group>"; };
		E9CFB9D221649CAF00188B82 /* generateParentheses.m */ = {isa = PBXFileReference; fileEncoding = 4; lastKnownFileType = sourcecode.c.objc; path = generateParentheses.m; sourceTree = "<group>"; };
		E9E555EC20D246E8000F33AD /* containerWithMostWaterTest.m */ = {isa = PBXFileReference; fileEncoding = 4; lastKnownFileType = sourcecode.c.objc; path = containerWithMostWaterTest.m; sourceTree = "<group>"; };
		E9EB7FF0214259F7003AEC20 /* 9-PalindromeNumber.h */ = {isa = PBXFileReference; fileEncoding = 4; lastKnownFileType = sourcecode.c.h; path = "9-PalindromeNumber.h"; sourceTree = "<group>"; };
		E9EB7FF121425A7A003AEC20 /* 9-PalindromeNumber.m */ = {isa = PBXFileReference; fileEncoding = 4; lastKnownFileType = sourcecode.c.objc; path = "9-PalindromeNumber.m"; sourceTree = "<group>"; };
/* End PBXFileReference section */

/* Begin PBXFrameworksBuildPhase section */
		E97EAF9220CC95EA00505F11 /* Frameworks */ = {
			isa = PBXFrameworksBuildPhase;
			buildActionMask = 2147483647;
			files = (
				E97EAFEF20CC9EF400505F11 /* XCTest.framework in Frameworks */,
			);
			runOnlyForDeploymentPostprocessing = 0;
		};
		E97EAFF120CCAD9700505F11 /* Frameworks */ = {
			isa = PBXFrameworksBuildPhase;
			buildActionMask = 2147483647;
			files = (
			);
			runOnlyForDeploymentPostprocessing = 0;
		};
/* End PBXFrameworksBuildPhase section */

/* Begin PBXGroup section */
		E97EAF8C20CC95EA00505F11 = {
			isa = PBXGroup;
			children = (
				E97EAF9720CC95EA00505F11 /* leetcodeObjC */,
				E97EAFF520CCAD9700505F11 /* leetcodeObjCTest */,
				E97EAF9620CC95EA00505F11 /* Products */,
				E97EAFED20CC9EF400505F11 /* Frameworks */,
			);
			sourceTree = "<group>";
		};
		E97EAF9620CC95EA00505F11 /* Products */ = {
			isa = PBXGroup;
			children = (
				E97EAF9520CC95EA00505F11 /* leetcodeObjC */,
				E97EAFF420CCAD9700505F11 /* leetcodeObjCTest.xctest */,
			);
			name = Products;
			sourceTree = "<group>";
		};
		E97EAF9720CC95EA00505F11 /* leetcodeObjC */ = {
			isa = PBXGroup;
			children = (
				E9A802A821490CCE0011259B /* 1-TwoSum.h */,
				E97EAFA020CC965E00505F11 /* 1-TwoSum.m */,
				E97EAFA120CC965E00505F11 /* 2-AddTwoNumbers.h */,
				E97EAFA220CC965E00505F11 /* 2-AddTwoNumbers.m */,
				E97EAFA320CC965E00505F11 /* 3-LongestSubstringWithoutRepeatingCharacters.h */,
				E97EAFA420CC965E00505F11 /* 3-LongestSubstringWithoutRepeatingCharacters.m */,
				E91CDB7420E3627A003DB474 /* 4-MedianOfTwoSortedArrays.h */,
				E91CDB7520E363B6003DB474 /* 4-MedianOfTwoSortedArrays.m */,
				E9A4DC7F20F09D7D00C62B81 /* 5-LongestPalindromicSubstring.h */,
				E9A4DC8020F09E1C00C62B81 /* 5-LongestPalindromicSubstring.m */,
				E93CFCF2213B7AC6000EA5BE /* 6-ZigzagConversion.h */,
				E93CFCF3213B7B65000EA5BE /* 6-ZigzagConversion.m */,
				E97EAFA520CC965E00505F11 /* 7-ReverseInteger.h */,
				E97EAFA620CC965E00505F11 /* 7-ReverseInteger.m */,
				E91896EB21424B55009D21EA /* 8-StringToInteger.h */,
				E91896EC21424C97009D21EA /* 8-StringToInteger.m */,
				E9EB7FF0214259F7003AEC20 /* 9-PalindromeNumber.h */,
				E9EB7FF121425A7A003AEC20 /* 9-PalindromeNumber.m */,
				E98EE2A121433043003A0633 /* 10-RegularExpressionMatching.h */,
				E98EE2A22143307A003A0633 /* 10-RegularExpressionMatching.m */,
				E97EAFA720CC965E00505F11 /* 11-ContainerWithMostWater.h */,
				E97EAFA820CC965E00505F11 /* 11-ContainerWithMostWater.m */,
				E962E4CA214B920F009A03A9 /* 12-IntegerToRoman.h */,
				E962E4CD214B958D009A03A9 /* 12-IntegerToRoman.m */,
				E962E4D2214BA5B1009A03A9 /* 13-RomanToInteger.h */,
				E962E4D3214BA5CE009A03A9 /* 13-RomanToInteger.m */,
				E9BE38CB2150F0E700F09C09 /* 14-LongestCommonPrefix.h */,
				E9BE38CC2150F1E400F09C09 /* 14-LongestCommonPrefix.m */,
				E97EAFA920CC965E00505F11 /* 15-ThreeSum.h */,
				E97EAFAA20CC965E00505F11 /* 15-ThreeSum.m */,
				E995F7BF21520E39004B2309 /* 16-ThreeSumClosest.h */,
				E995F7C021520E5E004B2309 /* 16-ThreeSumClosest.m */,
				E97F9DDE2154D97F000C6C82 /* 17-LetterCombinationOfAPhoneNumber.h */,
				E97F9DDF2154D991000C6C82 /* 17-LetterCombinationOfAPhoneNumber.m */,
				E9770936215A05C300753038 /* 18-FourSum.h */,
				E9770937215A061900753038 /* 18-FourSum.m */,
				E97EAFAB20CC965E00505F11 /* 19-RemoveNthNodeFromEndofList.h */,
				E97EAFAC20CC965E00505F11 /* 19-RemoveNthNodeFromEndofList.m */,
				E9350EC3215CC70B001456A3 /* 20-ValidParentheses.h */,
				E9350EBF215CB8B0001456A3 /* 20-ValidParentheses.m */,
				E97EAFAD20CC965E00505F11 /* 21-MergeTwoSortedLists.h */,
				E97EAFAE20CC965E00505F11 /* 21-MergeTwoSortedLists.m */,
				E9CFB9CC2164907100188B82 /* 22-GenerateParentheses.h */,
				E9CFB9CD2164911300188B82 /* 22-GenerateParentheses.m */,
				E97EAFAF20CC965E00505F11 /* 24-SwapNodesinPairs.h */,
				E97EAFB020CC965E00505F11 /* 24-SwapNodesinPairs.m */,
				E97EAFB120CC965E00505F11 /* 92-ReverseLinkedListII.h */,
				E97EAFB220CC965E00505F11 /* 92-ReverseLinkedListII.m */,
				E97EAFB320CC965E00505F11 /* 94-BinaryTreeInorderTraversal-2.h */,
				E97EAFB420CC965E00505F11 /* 94-BinaryTreeInorderTraversal-2.m */,
				E97EAFB520CC965E00505F11 /* 94-BinaryTreeInorderTraversal.h */,
				E97EAFB620CC965E00505F11 /* 94-BinaryTreeInorderTraversal.m */,
				E97EAFB720CC965E00505F11 /* 95-UniqueBinarySearchTreesII.h */,
				E97EAFB820CC965E00505F11 /* 95-UniqueBinarySearchTreesII.m */,
				E97EAFB920CC965E00505F11 /* 98-ValidateBinarySearchTree.h */,
				E97EAFBA20CC965E00505F11 /* 98-ValidateBinarySearchTree.m */,
				E97EAFBC20CC965E00505F11 /* 100-SameTree.h */,
				E97EAFBB20CC965E00505F11 /* 100-SameTree.m */,
				E97EAFBD20CC965E00505F11 /* 101-SymmetricTree.h */,
				E97EAFBE20CC965E00505F11 /* 101-SymmetricTree.m */,
				E97EAFBF20CC965E00505F11 /* 102-BinaryTreeLevelOrderTraversal.h */,
				E97EAFC020CC965E00505F11 /* 102-BinaryTreeLevelOrderTraversal.m */,
				E97EAFC120CC965E00505F11 /* 206-ReverseLinkedList.h */,
				E97EAFC220CC965E00505F11 /* 206-ReverseLinkedList.m */,
				E97EAFC320CC965E00505F11 /* 226-InvertBinaryTree.h */,
				E97EAFC420CC965E00505F11 /* 226-InvertBinaryTree.m */,
				E97EAFC520CC965E00505F11 /* 237-DeleteNodeInALinkedList.h */,
				E97EAFC620CC965E00505F11 /* 237-DeleteNodeInALinkedList.m */,
				E97EAFC720CC965E00505F11 /* 404-SumofLeftLeaves.h */,
				E97EAFC820CC965E00505F11 /* 404-SumofLeftLeaves.m */,
				E97EAFC920CC965E00505F11 /* ListNode.h */,
				E97EAFCA20CC965E00505F11 /* ListNode.m */,
				E9BD25DF20CDE7C6001778D6 /* main.m */,
				E97EAFCB20CC965E00505F11 /* TreeNode.h */,
				E97EAFCC20CC965E00505F11 /* TreeNode.m */,
			);
			path = leetcodeObjC;
			sourceTree = "<group>";
		};
		E97EAFED20CC9EF400505F11 /* Frameworks */ = {
			isa = PBXGroup;
			children = (
				E97EAFEE20CC9EF400505F11 /* XCTest.framework */,
			);
			name = Frameworks;
			sourceTree = "<group>";
		};
		E97EAFF520CCAD9700505F11 /* leetcodeObjCTest */ = {
			isa = PBXGroup;
			children = (
				E97886A720DF033700579C3A /* addTwoNumbersTest.m */,
				E9E555EC20D246E8000F33AD /* containerWithMostWaterTest.m */,
				E9687F7A20E60854006422CF /* findMedianSortedArraysTest.m */,
				E9770939215A088B00753038 /* fourSumTest.m */,
				E962E4CF214BA0A1009A03A9 /* integerToRomanTest.m */,
				E97F9DE12154E8BF000C6C82 /* letterCombinationOfAPhoneNumberTest.m */,
				E995F7BC21520777004B2309 /* longestCommonPrefixTest.m */,
				E91C59BC20F190DA00BC74A0 /* longestPalindromicSubstringTest.m */,
				E9BD25EA20CDFE50001778D6 /* longestSubstringWithoutRepeatingCharactersTest.m */,
				E962E4CB214B93B2009A03A9 /* medianOfTwoSortedArrayTest.m */,
				E97886AE20DF8BAB00579C3A /* mergeTwoSortedListTest.m */,
				E91E9A1A2144FF6C00756048 /* palindromeNumberTest.m */,
				E98EE2A421433377003A0633 /* regularExpressionMatchingTest.m */,
				E9770940215A14E100753038 /* removeNthNodeFromEndofListTest.m */,
				E963CE432144B6A1003D3F92 /* reverseIntegerTest.m */,
				E962E4D5214BAB50009A03A9 /* romanToInteger.m */,
				E91896EE214252C0009D21EA /* stringToIntegerTest.m */,
				E93C7DD3215377E900A39502 /* threeSumClosestTest.m */,
				E935E0EE214505110090EECE /* threeSumTest.m */,
				E96FDB7120CCB7C300121361 /* twoSumTest.m */,
				E933ACA8215E106F00D23146 /* validParenthesesTest.m */,
				E980297C2141070B00456DD7 /* zigzagConversionTest.m */,
				E97EAFF820CCAD9700505F11 /* Info.plist */,
				E9CFB9D221649CAF00188B82 /* generateParentheses.m */,
			);
			path = leetcodeObjCTest;
			sourceTree = "<group>";
		};
/* End PBXGroup section */

/* Begin PBXNativeTarget section */
		E97EAF9420CC95EA00505F11 /* leetcodeObjC */ = {
			isa = PBXNativeTarget;
			buildConfigurationList = E97EAF9C20CC95EA00505F11 /* Build configuration list for PBXNativeTarget "leetcodeObjC" */;
			buildPhases = (
				E97EAF9120CC95EA00505F11 /* Sources */,
				E97EAF9220CC95EA00505F11 /* Frameworks */,
				E97EAF9320CC95EA00505F11 /* CopyFiles */,
			);
			buildRules = (
			);
			dependencies = (
			);
			name = leetcodeObjC;
			productName = leetcodeObjC;
			productReference = E97EAF9520CC95EA00505F11 /* leetcodeObjC */;
			productType = "com.apple.product-type.tool";
		};
		E97EAFF320CCAD9700505F11 /* leetcodeObjCTest */ = {
			isa = PBXNativeTarget;
			buildConfigurationList = E97EAFF920CCAD9700505F11 /* Build configuration list for PBXNativeTarget "leetcodeObjCTest" */;
			buildPhases = (
				E97EAFF020CCAD9700505F11 /* Sources */,
				E97EAFF120CCAD9700505F11 /* Frameworks */,
				E97EAFF220CCAD9700505F11 /* Resources */,
			);
			buildRules = (
			);
			dependencies = (
			);
			name = leetcodeObjCTest;
			productName = leetcodeObjCTest;
			productReference = E97EAFF420CCAD9700505F11 /* leetcodeObjCTest.xctest */;
			productType = "com.apple.product-type.bundle.unit-test";
		};
/* End PBXNativeTarget section */

/* Begin PBXProject section */
		E97EAF8D20CC95EA00505F11 /* Project object */ = {
			isa = PBXProject;
			attributes = {
				LastUpgradeCheck = 0830;
				ORGANIZATIONNAME = lx;
				TargetAttributes = {
					E97EAF9420CC95EA00505F11 = {
						CreatedOnToolsVersion = 8.3.3;
						ProvisioningStyle = Automatic;
					};
					E97EAFF320CCAD9700505F11 = {
						CreatedOnToolsVersion = 8.3.3;
						ProvisioningStyle = Automatic;
					};
				};
			};
			buildConfigurationList = E97EAF9020CC95EA00505F11 /* Build configuration list for PBXProject "leetcodeObjC" */;
			compatibilityVersion = "Xcode 3.2";
			developmentRegion = English;
			hasScannedForEncodings = 0;
			knownRegions = (
				en,
			);
			mainGroup = E97EAF8C20CC95EA00505F11;
			productRefGroup = E97EAF9620CC95EA00505F11 /* Products */;
			projectDirPath = "";
			projectRoot = "";
			targets = (
				E97EAF9420CC95EA00505F11 /* leetcodeObjC */,
				E97EAFF320CCAD9700505F11 /* leetcodeObjCTest */,
			);
		};
/* End PBXProject section */

/* Begin PBXResourcesBuildPhase section */
		E97EAFF220CCAD9700505F11 /* Resources */ = {
			isa = PBXResourcesBuildPhase;
			buildActionMask = 2147483647;
			files = (
			);
			runOnlyForDeploymentPostprocessing = 0;
		};
/* End PBXResourcesBuildPhase section */

/* Begin PBXSourcesBuildPhase section */
		E97EAF9120CC95EA00505F11 /* Sources */ = {
			isa = PBXSourcesBuildPhase;
			buildActionMask = 2147483647;
			files = (
				E962E4CE214B958D009A03A9 /* 12-IntegerToRoman.m in Sources */,
				E97EAFDB20CC965E00505F11 /* 100-SameTree.m in Sources */,
				E9770938215A061900753038 /* 18-FourSum.m in Sources */,
				E97EAFD620CC965E00505F11 /* 92-ReverseLinkedListII.m in Sources */,
				E9350EC0215CB8B0001456A3 /* 20-ValidParentheses.m in Sources */,
				E97EAFCF20CC965E00505F11 /* 3-LongestSubstringWithoutRepeatingCharacters.m in Sources */,
				E9BE38CD2150F1E400F09C09 /* 14-LongestCommonPrefix.m in Sources */,
				E995F7C121520E5E004B2309 /* 16-ThreeSumClosest.m in Sources */,
				E97EAFCE20CC965E00505F11 /* 2-AddTwoNumbers.m in Sources */,
				E97EAFCD20CC965E00505F11 /* 1-TwoSum.m in Sources */,
				E97EAFE220CC965E00505F11 /* ListNode.m in Sources */,
				E98EE2A32143307A003A0633 /* 10-RegularExpressionMatching.m in Sources */,
				E9EB7FF221425A7A003AEC20 /* 9-PalindromeNumber.m in Sources */,
				E97EAFE020CC965E00505F11 /* 237-DeleteNodeInALinkedList.m in Sources */,
				E91896ED21424C97009D21EA /* 8-StringToInteger.m in Sources */,
				E91CDB7620E363B6003DB474 /* 4-MedianOfTwoSortedArrays.m in Sources */,
				E97EAFD520CC965E00505F11 /* 24-SwapNodesinPairs.m in Sources */,
				E962E4D4214BA5CE009A03A9 /* 13-RomanToInteger.m in Sources */,
				E97EAFDF20CC965E00505F11 /* 226-InvertBinaryTree.m in Sources */,
				E97EAFD220CC965E00505F11 /* 15-ThreeSum.m in Sources */,
				E97EAFD320CC965E00505F11 /* 19-RemoveNthNodeFromEndofList.m in Sources */,
				E97EAFDA20CC965E00505F11 /* 98-ValidateBinarySearchTree.m in Sources */,
				E97EAFDD20CC965E00505F11 /* 102-BinaryTreeLevelOrderTraversal.m in Sources */,
				E97EAFE120CC965E00505F11 /* 404-SumofLeftLeaves.m in Sources */,
				E97EAFD420CC965E00505F11 /* 21-MergeTwoSortedLists.m in Sources */,
				E97EAFDC20CC965E00505F11 /* 101-SymmetricTree.m in Sources */,
				E93CFCF4213B7B65000EA5BE /* 6-ZigzagConversion.m in Sources */,
				E97EAFDE20CC965E00505F11 /* 206-ReverseLinkedList.m in Sources */,
				E97EAFD920CC965E00505F11 /* 95-UniqueBinarySearchTreesII.m in Sources */,
				E97EAFD820CC965E00505F11 /* 94-BinaryTreeInorderTraversal.m in Sources */,
				E97EAFD720CC965E00505F11 /* 94-BinaryTreeInorderTraversal-2.m in Sources */,
				E9A4DC8120F09E1C00C62B81 /* 5-LongestPalindromicSubstring.m in Sources */,
				E97EAFD120CC965E00505F11 /* 11-ContainerWithMostWater.m in Sources */,
				E97F9DE02154D991000C6C82 /* 17-LetterCombinationOfAPhoneNumber.m in Sources */,
				E97EAFD020CC965E00505F11 /* 7-ReverseInteger.m in Sources */,
				E9CFB9CE2164911300188B82 /* 22-GenerateParentheses.m in Sources */,
				E9BD25E020CDE7C6001778D6 /* main.m in Sources */,
				E97EAFE320CC965E00505F11 /* TreeNode.m in Sources */,
			);
			runOnlyForDeploymentPostprocessing = 0;
		};
		E97EAFF020CCAD9700505F11 /* Sources */ = {
			isa = PBXSourcesBuildPhase;
			buildActionMask = 2147483647;
			files = (
				E9CFB9D121649BD900188B82 /* 22-GenerateParentheses.m in Sources */,
				E9CFB9D321649CAF00188B82 /* generateParentheses.m in Sources */,
				E933ACAA215E109200D23146 /* 20-ValidParentheses.m in Sources */,
				E977093C215A0BA300753038 /* 18-FourSum.m in Sources */,
				E977093B215A094E00753038 /* 19-RemoveNthNodeFromEndofList.m in Sources */,
				E97F9DE32154E8D4000C6C82 /* 17-LetterCombinationOfAPhoneNumber.m in Sources */,
				E93C7DD62153797800A39502 /* 16-ThreeSumClosest.m in Sources */,
				E995F7BE21520796004B2309 /* 14-LongestCommonPrefix.m in Sources */,
				E962E4D7214BACA1009A03A9 /* 13-RomanToInteger.m in Sources */,
				E962E4D1214BA14B009A03A9 /* 12-IntegerToRoman.m in Sources */,
				E9A802A721490BD00011259B /* 1-TwoSum.m in Sources */,
				E935E0ED214504130090EECE /* 15-ThreeSum.m in Sources */,
				E91E9A192144FDD100756048 /* 7-ReverseInteger.m in Sources */,
				E98EE2A621433437003A0633 /* 10-RegularExpressionMatching.m in Sources */,
				E977093A215A088B00753038 /* fourSumTest.m in Sources */,
				E98EE2A0214328C4003A0633 /* 9-PalindromeNumber.m in Sources */,
				E91896F021425470009D21EA /* 8-StringToInteger.m in Sources */,
				E933ACA9215E106F00D23146 /* validParenthesesTest.m in Sources */,
				E963CE442144B6A1003D3F92 /* reverseIntegerTest.m in Sources */,
				E980297E21410AA800456DD7 /* 6-ZigzagConversion.m in Sources */,
				E93C7DD4215377E900A39502 /* threeSumClosestTest.m in Sources */,
				E91C59BE20F1982B00BC74A0 /* 5-LongestPalindromicSubstring.m in Sources */,
				E9687F7C20E610BA006422CF /* 4-MedianOfTwoSortedArrays.m in Sources */,
				E962E4D0214BA0A1009A03A9 /* integerToRomanTest.m in Sources */,
				E97886AD20DF29C000579C3A /* 21-MergeTwoSortedLists.m in Sources */,
				E980297D2141070B00456DD7 /* zigzagConversionTest.m in Sources */,
				E9770941215A14E100753038 /* removeNthNodeFromEndofListTest.m in Sources */,
				E962E4CC214B93B2009A03A9 /* medianOfTwoSortedArrayTest.m in Sources */,
				E9687F7B20E60854006422CF /* findMedianSortedArraysTest.m in Sources */,
				E97886AA20DF0BAD00579C3A /* ListNode.m in Sources */,
				E97886AF20DF8BAB00579C3A /* mergeTwoSortedListTest.m in Sources */,
				E97886A920DF0B7C00579C3A /* 2-AddTwoNumbers.m in Sources */,
				E91896EF214252C0009D21EA /* stringToIntegerTest.m in Sources */,
				E962E4D6214BAB50009A03A9 /* romanToInteger.m in Sources */,
				E91C59BD20F190DA00BC74A0 /* longestPalindromicSubstringTest.m in Sources */,
				E97F9DE22154E8BF000C6C82 /* letterCombinationOfAPhoneNumberTest.m in Sources */,
				E995F7BD21520777004B2309 /* longestCommonPrefixTest.m in Sources */,
				E91E9A1B2144FF6C00756048 /* palindromeNumberTest.m in Sources */,
				E98EE2A521433377003A0633 /* regularExpressionMatchingTest.m in Sources */,
				E9E555FE20D248D3000F33AD /* 3-LongestSubstringWithoutRepeatingCharacters.m in Sources */,
				E9E555FF20D248D3000F33AD /* 11-ContainerWithMostWater.m in Sources */,
				E97886A820DF033700579C3A /* addTwoNumbersTest.m in Sources */,
				E9E555ED20D246E8000F33AD /* containerWithMostWaterTest.m in Sources */,
				E96FDB7220CCB7C300121361 /* twoSumTest.m in Sources */,
				E935E0EF214505110090EECE /* threeSumTest.m in Sources */,
				E9BD25EB20CDFE50001778D6 /* longestSubstringWithoutRepeatingCharactersTest.m in Sources */,
			);
			runOnlyForDeploymentPostprocessing = 0;
		};
/* End PBXSourcesBuildPhase section */

/* Begin XCBuildConfiguration section */
		E97EAF9A20CC95EA00505F11 /* Debug */ = {
			isa = XCBuildConfiguration;
			buildSettings = {
				ALWAYS_SEARCH_USER_PATHS = NO;
				CLANG_ANALYZER_NONNULL = YES;
				CLANG_ANALYZER_NUMBER_OBJECT_CONVERSION = YES_AGGRESSIVE;
				CLANG_CXX_LANGUAGE_STANDARD = "gnu++0x";
				CLANG_CXX_LIBRARY = "libc++";
				CLANG_ENABLE_MODULES = YES;
				CLANG_ENABLE_OBJC_ARC = YES;
				CLANG_WARN_BOOL_CONVERSION = YES;
				CLANG_WARN_CONSTANT_CONVERSION = YES;
				CLANG_WARN_DIRECT_OBJC_ISA_USAGE = YES_ERROR;
				CLANG_WARN_DOCUMENTATION_COMMENTS = YES;
				CLANG_WARN_EMPTY_BODY = YES;
				CLANG_WARN_ENUM_CONVERSION = YES;
				CLANG_WARN_INFINITE_RECURSION = YES;
				CLANG_WARN_INT_CONVERSION = YES;
				CLANG_WARN_OBJC_ROOT_CLASS = YES_ERROR;
				CLANG_WARN_SUSPICIOUS_MOVE = YES;
				CLANG_WARN_UNREACHABLE_CODE = YES;
				CLANG_WARN__DUPLICATE_METHOD_MATCH = YES;
				CODE_SIGN_IDENTITY = "-";
				COPY_PHASE_STRIP = NO;
				DEBUG_INFORMATION_FORMAT = dwarf;
				ENABLE_STRICT_OBJC_MSGSEND = YES;
				ENABLE_TESTABILITY = YES;
				GCC_C_LANGUAGE_STANDARD = gnu99;
				GCC_DYNAMIC_NO_PIC = NO;
				GCC_NO_COMMON_BLOCKS = YES;
				GCC_OPTIMIZATION_LEVEL = 0;
				GCC_PREPROCESSOR_DEFINITIONS = (
					"DEBUG=1",
					"$(inherited)",
				);
				GCC_WARN_64_TO_32_BIT_CONVERSION = YES;
				GCC_WARN_ABOUT_RETURN_TYPE = YES_ERROR;
				GCC_WARN_UNDECLARED_SELECTOR = YES;
				GCC_WARN_UNINITIALIZED_AUTOS = YES_AGGRESSIVE;
				GCC_WARN_UNUSED_FUNCTION = YES;
				GCC_WARN_UNUSED_VARIABLE = YES;
				MACOSX_DEPLOYMENT_TARGET = 10.13;
				MTL_ENABLE_DEBUG_INFO = YES;
				ONLY_ACTIVE_ARCH = YES;
				SDKROOT = macosx;
			};
			name = Debug;
		};
		E97EAF9B20CC95EA00505F11 /* Release */ = {
			isa = XCBuildConfiguration;
			buildSettings = {
				ALWAYS_SEARCH_USER_PATHS = NO;
				CLANG_ANALYZER_NONNULL = YES;
				CLANG_ANALYZER_NUMBER_OBJECT_CONVERSION = YES_AGGRESSIVE;
				CLANG_CXX_LANGUAGE_STANDARD = "gnu++0x";
				CLANG_CXX_LIBRARY = "libc++";
				CLANG_ENABLE_MODULES = YES;
				CLANG_ENABLE_OBJC_ARC = YES;
				CLANG_WARN_BOOL_CONVERSION = YES;
				CLANG_WARN_CONSTANT_CONVERSION = YES;
				CLANG_WARN_DIRECT_OBJC_ISA_USAGE = YES_ERROR;
				CLANG_WARN_DOCUMENTATION_COMMENTS = YES;
				CLANG_WARN_EMPTY_BODY = YES;
				CLANG_WARN_ENUM_CONVERSION = YES;
				CLANG_WARN_INFINITE_RECURSION = YES;
				CLANG_WARN_INT_CONVERSION = YES;
				CLANG_WARN_OBJC_ROOT_CLASS = YES_ERROR;
				CLANG_WARN_SUSPICIOUS_MOVE = YES;
				CLANG_WARN_UNREACHABLE_CODE = YES;
				CLANG_WARN__DUPLICATE_METHOD_MATCH = YES;
				CODE_SIGN_IDENTITY = "-";
				COPY_PHASE_STRIP = NO;
				DEBUG_INFORMATION_FORMAT = "dwarf-with-dsym";
				ENABLE_NS_ASSERTIONS = NO;
				ENABLE_STRICT_OBJC_MSGSEND = YES;
				GCC_C_LANGUAGE_STANDARD = gnu99;
				GCC_NO_COMMON_BLOCKS = YES;
				GCC_WARN_64_TO_32_BIT_CONVERSION = YES;
				GCC_WARN_ABOUT_RETURN_TYPE = YES_ERROR;
				GCC_WARN_UNDECLARED_SELECTOR = YES;
				GCC_WARN_UNINITIALIZED_AUTOS = YES_AGGRESSIVE;
				GCC_WARN_UNUSED_FUNCTION = YES;
				GCC_WARN_UNUSED_VARIABLE = YES;
				MACOSX_DEPLOYMENT_TARGET = 10.13;
				MTL_ENABLE_DEBUG_INFO = NO;
				SDKROOT = macosx;
			};
			name = Release;
		};
		E97EAF9D20CC95EA00505F11 /* Debug */ = {
			isa = XCBuildConfiguration;
			buildSettings = {
				FRAMEWORK_SEARCH_PATHS = "$(PLATFORM_DIR)/Developer/Library/Frameworks";
				MACOSX_DEPLOYMENT_TARGET = 10.12;
				PRODUCT_NAME = "$(TARGET_NAME)";
			};
			name = Debug;
		};
		E97EAF9E20CC95EA00505F11 /* Release */ = {
			isa = XCBuildConfiguration;
			buildSettings = {
				FRAMEWORK_SEARCH_PATHS = "$(PLATFORM_DIR)/Developer/Library/Frameworks";
				MACOSX_DEPLOYMENT_TARGET = 10.12;
				PRODUCT_NAME = "$(TARGET_NAME)";
			};
			name = Release;
		};
		E97EAFFA20CCAD9700505F11 /* Debug */ = {
			isa = XCBuildConfiguration;
			buildSettings = {
				COMBINE_HIDPI_IMAGES = YES;
				INFOPLIST_FILE = leetcodeObjCTest/Info.plist;
				LD_RUNPATH_SEARCH_PATHS = "$(inherited) @executable_path/../Frameworks @loader_path/../Frameworks";
				MACOSX_DEPLOYMENT_TARGET = 10.12;
				PRODUCT_BUNDLE_IDENTIFIER = lx.leetcodeObjCTest;
				PRODUCT_NAME = "$(TARGET_NAME)";
			};
			name = Debug;
		};
		E97EAFFB20CCAD9700505F11 /* Release */ = {
			isa = XCBuildConfiguration;
			buildSettings = {
				COMBINE_HIDPI_IMAGES = YES;
				INFOPLIST_FILE = leetcodeObjCTest/Info.plist;
				LD_RUNPATH_SEARCH_PATHS = "$(inherited) @executable_path/../Frameworks @loader_path/../Frameworks";
				MACOSX_DEPLOYMENT_TARGET = 10.12;
				PRODUCT_BUNDLE_IDENTIFIER = lx.leetcodeObjCTest;
				PRODUCT_NAME = "$(TARGET_NAME)";
			};
			name = Release;
		};
/* End XCBuildConfiguration section */

/* Begin XCConfigurationList section */
		E97EAF9020CC95EA00505F11 /* Build configuration list for PBXProject "leetcodeObjC" */ = {
			isa = XCConfigurationList;
			buildConfigurations = (
				E97EAF9A20CC95EA00505F11 /* Debug */,
				E97EAF9B20CC95EA00505F11 /* Release */,
			);
			defaultConfigurationIsVisible = 0;
			defaultConfigurationName = Release;
		};
		E97EAF9C20CC95EA00505F11 /* Build configuration list for PBXNativeTarget "leetcodeObjC" */ = {
			isa = XCConfigurationList;
			buildConfigurations = (
				E97EAF9D20CC95EA00505F11 /* Debug */,
				E97EAF9E20CC95EA00505F11 /* Release */,
			);
			defaultConfigurationIsVisible = 0;
			defaultConfigurationName = Release;
		};
		E97EAFF920CCAD9700505F11 /* Build configuration list for PBXNativeTarget "leetcodeObjCTest" */ = {
			isa = XCConfigurationList;
			buildConfigurations = (
				E97EAFFA20CCAD9700505F11 /* Debug */,
				E97EAFFB20CCAD9700505F11 /* Release */,
			);
			defaultConfigurationIsVisible = 0;
			defaultConfigurationName = Release;
		};
/* End XCConfigurationList section */
	};
	rootObject = E97EAF8D20CC95EA00505F11 /* Project object */;
}
